// !$*UTF8*$!
{
	archiveVersion = 1;
	classes = {
	};
	objectVersion = 56;
	objects = {

/* Begin PBXBuildFile section */
		21F772322A9E9E6E009E0AEC /* DetailViewModel.swift in Sources */ = {isa = PBXBuildFile; fileRef = 21F772312A9E9E6E009E0AEC /* DetailViewModel.swift */; };
		21F772352A9F6CD0009E0AEC /* HTTPMethod.swift in Sources */ = {isa = PBXBuildFile; fileRef = 21F772342A9F6CD0009E0AEC /* HTTPMethod.swift */; };
		21F772372A9F6D18009E0AEC /* NetworkError.swift in Sources */ = {isa = PBXBuildFile; fileRef = 21F772362A9F6D18009E0AEC /* NetworkError.swift */; };
		21F772392A9F6D66009E0AEC /* EndpointType.swift in Sources */ = {isa = PBXBuildFile; fileRef = 21F772382A9F6D66009E0AEC /* EndpointType.swift */; };
		21F7723B2A9F7023009E0AEC /* NetworkRouter.swift in Sources */ = {isa = PBXBuildFile; fileRef = 21F7723A2A9F7023009E0AEC /* NetworkRouter.swift */; };
		21F7723D2A9F7B70009E0AEC /* NetworkManager.swift in Sources */ = {isa = PBXBuildFile; fileRef = 21F7723C2A9F7B70009E0AEC /* NetworkManager.swift */; };
		21F7723F2A9F7C0F009E0AEC /* AdvertisementsApiEndpoint.swift in Sources */ = {isa = PBXBuildFile; fileRef = 21F7723E2A9F7C0F009E0AEC /* AdvertisementsApiEndpoint.swift */; };
		21FE6B5A2A9BC6C2006AF78A /* AppDelegate.swift in Sources */ = {isa = PBXBuildFile; fileRef = 21FE6B592A9BC6C2006AF78A /* AppDelegate.swift */; };
		21FE6B5C2A9BC6C2006AF78A /* SceneDelegate.swift in Sources */ = {isa = PBXBuildFile; fileRef = 21FE6B5B2A9BC6C2006AF78A /* SceneDelegate.swift */; };
		21FE6B5E2A9BC6C2006AF78A /* MainViewController.swift in Sources */ = {isa = PBXBuildFile; fileRef = 21FE6B5D2A9BC6C2006AF78A /* MainViewController.swift */; };
		21FE6B632A9BC6C3006AF78A /* Assets.xcassets in Resources */ = {isa = PBXBuildFile; fileRef = 21FE6B622A9BC6C3006AF78A /* Assets.xcassets */; };
		21FE6B662A9BC6C3006AF78A /* LaunchScreen.storyboard in Resources */ = {isa = PBXBuildFile; fileRef = 21FE6B642A9BC6C3006AF78A /* LaunchScreen.storyboard */; };
		21FE6B712A9BCA63006AF78A /* Advertisements.swift in Sources */ = {isa = PBXBuildFile; fileRef = 21FE6B702A9BCA63006AF78A /* Advertisements.swift */; };
		21FE6B732A9BD6E5006AF78A /* CustomCollectionViewCell.swift in Sources */ = {isa = PBXBuildFile; fileRef = 21FE6B722A9BD6E4006AF78A /* CustomCollectionViewCell.swift */; };
		21FE6B822A9C0301006AF78A /* MainViewModel.swift in Sources */ = {isa = PBXBuildFile; fileRef = 21FE6B812A9C0301006AF78A /* MainViewModel.swift */; };
		21FE6B882A9CDD18006AF78A /* ImageCache.swift in Sources */ = {isa = PBXBuildFile; fileRef = 21FE6B872A9CDD18006AF78A /* ImageCache.swift */; };
		21FE6B8D2A9CE2A8006AF78A /* ScreenState.swift in Sources */ = {isa = PBXBuildFile; fileRef = 21FE6B8C2A9CE2A8006AF78A /* ScreenState.swift */; };
		21FE6B8F2A9E07D5006AF78A /* DetailViewController.swift in Sources */ = {isa = PBXBuildFile; fileRef = 21FE6B8E2A9E07D5006AF78A /* DetailViewController.swift */; };
/* End PBXBuildFile section */

/* Begin PBXFileReference section */
		21F772312A9E9E6E009E0AEC /* DetailViewModel.swift */ = {isa = PBXFileReference; lastKnownFileType = sourcecode.swift; path = DetailViewModel.swift; sourceTree = "<group>"; };
		21F772342A9F6CD0009E0AEC /* HTTPMethod.swift */ = {isa = PBXFileReference; lastKnownFileType = sourcecode.swift; path = HTTPMethod.swift; sourceTree = "<group>"; };
		21F772362A9F6D18009E0AEC /* NetworkError.swift */ = {isa = PBXFileReference; lastKnownFileType = sourcecode.swift; path = NetworkError.swift; sourceTree = "<group>"; };
		21F772382A9F6D66009E0AEC /* EndpointType.swift */ = {isa = PBXFileReference; lastKnownFileType = sourcecode.swift; path = EndpointType.swift; sourceTree = "<group>"; };
		21F7723A2A9F7023009E0AEC /* NetworkRouter.swift */ = {isa = PBXFileReference; lastKnownFileType = sourcecode.swift; path = NetworkRouter.swift; sourceTree = "<group>"; };
		21F7723C2A9F7B70009E0AEC /* NetworkManager.swift */ = {isa = PBXFileReference; lastKnownFileType = sourcecode.swift; path = NetworkManager.swift; sourceTree = "<group>"; };
		21F7723E2A9F7C0F009E0AEC /* AdvertisementsApiEndpoint.swift */ = {isa = PBXFileReference; lastKnownFileType = sourcecode.swift; path = AdvertisementsApiEndpoint.swift; sourceTree = "<group>"; };
		21FE6B562A9BC6C2006AF78A /* AvitoTestApp.app */ = {isa = PBXFileReference; explicitFileType = wrapper.application; includeInIndex = 0; path = AvitoTestApp.app; sourceTree = BUILT_PRODUCTS_DIR; };
		21FE6B592A9BC6C2006AF78A /* AppDelegate.swift */ = {isa = PBXFileReference; lastKnownFileType = sourcecode.swift; path = AppDelegate.swift; sourceTree = "<group>"; };
		21FE6B5B2A9BC6C2006AF78A /* SceneDelegate.swift */ = {isa = PBXFileReference; lastKnownFileType = sourcecode.swift; path = SceneDelegate.swift; sourceTree = "<group>"; };
		21FE6B5D2A9BC6C2006AF78A /* MainViewController.swift */ = {isa = PBXFileReference; lastKnownFileType = sourcecode.swift; path = MainViewController.swift; sourceTree = "<group>"; };
		21FE6B622A9BC6C3006AF78A /* Assets.xcassets */ = {isa = PBXFileReference; lastKnownFileType = folder.assetcatalog; path = Assets.xcassets; sourceTree = "<group>"; };
		21FE6B652A9BC6C3006AF78A /* Base */ = {isa = PBXFileReference; lastKnownFileType = file.storyboard; name = Base; path = Base.lproj/LaunchScreen.storyboard; sourceTree = "<group>"; };
		21FE6B672A9BC6C3006AF78A /* Info.plist */ = {isa = PBXFileReference; lastKnownFileType = text.plist.xml; path = Info.plist; sourceTree = "<group>"; };
		21FE6B702A9BCA63006AF78A /* Advertisements.swift */ = {isa = PBXFileReference; lastKnownFileType = sourcecode.swift; path = Advertisements.swift; sourceTree = "<group>"; };
		21FE6B722A9BD6E4006AF78A /* CustomCollectionViewCell.swift */ = {isa = PBXFileReference; lastKnownFileType = sourcecode.swift; path = CustomCollectionViewCell.swift; sourceTree = "<group>"; };
		21FE6B812A9C0301006AF78A /* MainViewModel.swift */ = {isa = PBXFileReference; lastKnownFileType = sourcecode.swift; path = MainViewModel.swift; sourceTree = "<group>"; };
		21FE6B872A9CDD18006AF78A /* ImageCache.swift */ = {isa = PBXFileReference; lastKnownFileType = sourcecode.swift; path = ImageCache.swift; sourceTree = "<group>"; };
		21FE6B8C2A9CE2A8006AF78A /* ScreenState.swift */ = {isa = PBXFileReference; lastKnownFileType = sourcecode.swift; path = ScreenState.swift; sourceTree = "<group>"; };
		21FE6B8E2A9E07D5006AF78A /* DetailViewController.swift */ = {isa = PBXFileReference; lastKnownFileType = sourcecode.swift; path = DetailViewController.swift; sourceTree = "<group>"; };
/* End PBXFileReference section */

/* Begin PBXFrameworksBuildPhase section */
		21FE6B532A9BC6C2006AF78A /* Frameworks */ = {
			isa = PBXFrameworksBuildPhase;
			buildActionMask = 2147483647;
			files = (
			);
			runOnlyForDeploymentPostprocessing = 0;
		};
/* End PBXFrameworksBuildPhase section */

/* Begin PBXGroup section */
		21F772332A9F6CAF009E0AEC /* Networking */ = {
			isa = PBXGroup;
			children = (
				21F772342A9F6CD0009E0AEC /* HTTPMethod.swift */,
				21F772362A9F6D18009E0AEC /* NetworkError.swift */,
				21F772382A9F6D66009E0AEC /* EndpointType.swift */,
				21F7723A2A9F7023009E0AEC /* NetworkRouter.swift */,
				21F7723C2A9F7B70009E0AEC /* NetworkManager.swift */,
				21F7723E2A9F7C0F009E0AEC /* AdvertisementsApiEndpoint.swift */,
			);
			path = Networking;
			sourceTree = "<group>";
		};
		21FE6B4D2A9BC6C2006AF78A = {
			isa = PBXGroup;
			children = (
				21FE6B582A9BC6C2006AF78A /* AvitoTestApp */,
				21FE6B572A9BC6C2006AF78A /* Products */,
			);
			sourceTree = "<group>";
		};
		21FE6B572A9BC6C2006AF78A /* Products */ = {
			isa = PBXGroup;
			children = (
				21FE6B562A9BC6C2006AF78A /* AvitoTestApp.app */,
			);
			name = Products;
			sourceTree = "<group>";
		};
		21FE6B582A9BC6C2006AF78A /* AvitoTestApp */ = {
			isa = PBXGroup;
			children = (
				21F772332A9F6CAF009E0AEC /* Networking */,
				21FE6B872A9CDD18006AF78A /* ImageCache.swift */,
				21FE6B892A9CE201006AF78A /* SupportFiles */,
				21FE6B6D2A9BC92B006AF78A /* Models */,
				21FE6B8B2A9CE270006AF78A /* ViewModels */,
				21FE6B8A2A9CE262006AF78A /* Views */,
			);
			path = AvitoTestApp;
			sourceTree = "<group>";
		};
		21FE6B6D2A9BC92B006AF78A /* Models */ = {
			isa = PBXGroup;
			children = (
				21FE6B702A9BCA63006AF78A /* Advertisements.swift */,
			);
			path = Models;
			sourceTree = "<group>";
		};
		21FE6B892A9CE201006AF78A /* SupportFiles */ = {
			isa = PBXGroup;
			children = (
				21FE6B592A9BC6C2006AF78A /* AppDelegate.swift */,
				21FE6B5B2A9BC6C2006AF78A /* SceneDelegate.swift */,
				21FE6B622A9BC6C3006AF78A /* Assets.xcassets */,
				21FE6B642A9BC6C3006AF78A /* LaunchScreen.storyboard */,
				21FE6B672A9BC6C3006AF78A /* Info.plist */,
			);
			path = SupportFiles;
			sourceTree = "<group>";
		};
		21FE6B8A2A9CE262006AF78A /* Views */ = {
			isa = PBXGroup;
			children = (
				21FE6B5D2A9BC6C2006AF78A /* MainViewController.swift */,
				21FE6B722A9BD6E4006AF78A /* CustomCollectionViewCell.swift */,
				21FE6B8C2A9CE2A8006AF78A /* ScreenState.swift */,
				21FE6B8E2A9E07D5006AF78A /* DetailViewController.swift */,
			);
			path = Views;
			sourceTree = "<group>";
		};
		21FE6B8B2A9CE270006AF78A /* ViewModels */ = {
			isa = PBXGroup;
			children = (
				21FE6B812A9C0301006AF78A /* MainViewModel.swift */,
				21F772312A9E9E6E009E0AEC /* DetailViewModel.swift */,
			);
			path = ViewModels;
			sourceTree = "<group>";
		};
/* End PBXGroup section */

/* Begin PBXNativeTarget section */
		21FE6B552A9BC6C2006AF78A /* AvitoTestApp */ = {
			isa = PBXNativeTarget;
			buildConfigurationList = 21FE6B6A2A9BC6C3006AF78A /* Build configuration list for PBXNativeTarget "AvitoTestApp" */;
			buildPhases = (
				21FE6B522A9BC6C2006AF78A /* Sources */,
				21FE6B532A9BC6C2006AF78A /* Frameworks */,
				21FE6B542A9BC6C2006AF78A /* Resources */,
			);
			buildRules = (
			);
			dependencies = (
			);
			name = AvitoTestApp;
			productName = AvitoTestApp;
			productReference = 21FE6B562A9BC6C2006AF78A /* AvitoTestApp.app */;
			productType = "com.apple.product-type.application";
		};
/* End PBXNativeTarget section */

/* Begin PBXProject section */
		21FE6B4E2A9BC6C2006AF78A /* Project object */ = {
			isa = PBXProject;
			attributes = {
				BuildIndependentTargetsInParallel = 1;
				LastSwiftUpdateCheck = 1430;
				LastUpgradeCheck = 1430;
				TargetAttributes = {
					21FE6B552A9BC6C2006AF78A = {
						CreatedOnToolsVersion = 14.3.1;
					};
				};
			};
			buildConfigurationList = 21FE6B512A9BC6C2006AF78A /* Build configuration list for PBXProject "AvitoTestApp" */;
			compatibilityVersion = "Xcode 14.0";
			developmentRegion = en;
			hasScannedForEncodings = 0;
			knownRegions = (
				en,
				Base,
			);
			mainGroup = 21FE6B4D2A9BC6C2006AF78A;
			productRefGroup = 21FE6B572A9BC6C2006AF78A /* Products */;
			projectDirPath = "";
			projectRoot = "";
			targets = (
				21FE6B552A9BC6C2006AF78A /* AvitoTestApp */,
			);
		};
/* End PBXProject section */

/* Begin PBXResourcesBuildPhase section */
		21FE6B542A9BC6C2006AF78A /* Resources */ = {
			isa = PBXResourcesBuildPhase;
			buildActionMask = 2147483647;
			files = (
				21FE6B662A9BC6C3006AF78A /* LaunchScreen.storyboard in Resources */,
				21FE6B632A9BC6C3006AF78A /* Assets.xcassets in Resources */,
			);
			runOnlyForDeploymentPostprocessing = 0;
		};
/* End PBXResourcesBuildPhase section */

/* Begin PBXSourcesBuildPhase section */
		21FE6B522A9BC6C2006AF78A /* Sources */ = {
			isa = PBXSourcesBuildPhase;
			buildActionMask = 2147483647;
			files = (
				21F772392A9F6D66009E0AEC /* EndpointType.swift in Sources */,
				21FE6B5E2A9BC6C2006AF78A /* MainViewController.swift in Sources */,
				21FE6B732A9BD6E5006AF78A /* CustomCollectionViewCell.swift in Sources */,
				21FE6B712A9BCA63006AF78A /* Advertisements.swift in Sources */,
				21F7723D2A9F7B70009E0AEC /* NetworkManager.swift in Sources */,
				21FE6B8D2A9CE2A8006AF78A /* ScreenState.swift in Sources */,
				21FE6B822A9C0301006AF78A /* MainViewModel.swift in Sources */,
				21FE6B882A9CDD18006AF78A /* ImageCache.swift in Sources */,
				21FE6B5A2A9BC6C2006AF78A /* AppDelegate.swift in Sources */,
				21F772352A9F6CD0009E0AEC /* HTTPMethod.swift in Sources */,
				21FE6B5C2A9BC6C2006AF78A /* SceneDelegate.swift in Sources */,
				21F7723B2A9F7023009E0AEC /* NetworkRouter.swift in Sources */,
				21F772372A9F6D18009E0AEC /* NetworkError.swift in Sources */,
				21F7723F2A9F7C0F009E0AEC /* AdvertisementsApiEndpoint.swift in Sources */,
				21F772322A9E9E6E009E0AEC /* DetailViewModel.swift in Sources */,
				21FE6B8F2A9E07D5006AF78A /* DetailViewController.swift in Sources */,
			);
			runOnlyForDeploymentPostprocessing = 0;
		};
/* End PBXSourcesBuildPhase section */

/* Begin PBXVariantGroup section */
		21FE6B642A9BC6C3006AF78A /* LaunchScreen.storyboard */ = {
			isa = PBXVariantGroup;
			children = (
				21FE6B652A9BC6C3006AF78A /* Base */,
			);
			name = LaunchScreen.storyboard;
			sourceTree = "<group>";
		};
/* End PBXVariantGroup section */

/* Begin XCBuildConfiguration section */
		21FE6B682A9BC6C3006AF78A /* Debug */ = {
			isa = XCBuildConfiguration;
			buildSettings = {
				ALWAYS_SEARCH_USER_PATHS = NO;
				CLANG_ANALYZER_NONNULL = YES;
				CLANG_ANALYZER_NUMBER_OBJECT_CONVERSION = YES_AGGRESSIVE;
				CLANG_CXX_LANGUAGE_STANDARD = "gnu++20";
				CLANG_ENABLE_MODULES = YES;
				CLANG_ENABLE_OBJC_ARC = YES;
				CLANG_ENABLE_OBJC_WEAK = YES;
				CLANG_WARN_BLOCK_CAPTURE_AUTORELEASING = YES;
				CLANG_WARN_BOOL_CONVERSION = YES;
				CLANG_WARN_COMMA = YES;
				CLANG_WARN_CONSTANT_CONVERSION = YES;
				CLANG_WARN_DEPRECATED_OBJC_IMPLEMENTATIONS = YES;
				CLANG_WARN_DIRECT_OBJC_ISA_USAGE = YES_ERROR;
				CLANG_WARN_DOCUMENTATION_COMMENTS = YES;
				CLANG_WARN_EMPTY_BODY = YES;
				CLANG_WARN_ENUM_CONVERSION = YES;
				CLANG_WARN_INFINITE_RECURSION = YES;
				CLANG_WARN_INT_CONVERSION = YES;
				CLANG_WARN_NON_LITERAL_NULL_CONVERSION = YES;
				CLANG_WARN_OBJC_IMPLICIT_RETAIN_SELF = YES;
				CLANG_WARN_OBJC_LITERAL_CONVERSION = YES;
				CLANG_WARN_OBJC_ROOT_CLASS = YES_ERROR;
				CLANG_WARN_QUOTED_INCLUDE_IN_FRAMEWORK_HEADER = YES;
				CLANG_WARN_RANGE_LOOP_ANALYSIS = YES;
				CLANG_WARN_STRICT_PROTOTYPES = YES;
				CLANG_WARN_SUSPICIOUS_MOVE = YES;
				CLANG_WARN_UNGUARDED_AVAILABILITY = YES_AGGRESSIVE;
				CLANG_WARN_UNREACHABLE_CODE = YES;
				CLANG_WARN__DUPLICATE_METHOD_MATCH = YES;
				COPY_PHASE_STRIP = NO;
				DEBUG_INFORMATION_FORMAT = dwarf;
				ENABLE_STRICT_OBJC_MSGSEND = YES;
				ENABLE_TESTABILITY = YES;
				GCC_C_LANGUAGE_STANDARD = gnu11;
				GCC_DYNAMIC_NO_PIC = NO;
				GCC_NO_COMMON_BLOCKS = YES;
				GCC_OPTIMIZATION_LEVEL = 0;
				GCC_PREPROCESSOR_DEFINITIONS = (
					"DEBUG=1",
					"$(inherited)",
				);
				GCC_WARN_64_TO_32_BIT_CONVERSION = YES;
				GCC_WARN_ABOUT_RETURN_TYPE = YES_ERROR;
				GCC_WARN_UNDECLARED_SELECTOR = YES;
				GCC_WARN_UNINITIALIZED_AUTOS = YES_AGGRESSIVE;
				GCC_WARN_UNUSED_FUNCTION = YES;
				GCC_WARN_UNUSED_VARIABLE = YES;
				IPHONEOS_DEPLOYMENT_TARGET = 16.4;
				MTL_ENABLE_DEBUG_INFO = INCLUDE_SOURCE;
				MTL_FAST_MATH = YES;
				ONLY_ACTIVE_ARCH = YES;
				SDKROOT = iphoneos;
				SWIFT_ACTIVE_COMPILATION_CONDITIONS = DEBUG;
				SWIFT_OPTIMIZATION_LEVEL = "-Onone";
			};
			name = Debug;
		};
		21FE6B692A9BC6C3006AF78A /* Release */ = {
			isa = XCBuildConfiguration;
			buildSettings = {
				ALWAYS_SEARCH_USER_PATHS = NO;
				CLANG_ANALYZER_NONNULL = YES;
				CLANG_ANALYZER_NUMBER_OBJECT_CONVERSION = YES_AGGRESSIVE;
				CLANG_CXX_LANGUAGE_STANDARD = "gnu++20";
				CLANG_ENABLE_MODULES = YES;
				CLANG_ENABLE_OBJC_ARC = YES;
				CLANG_ENABLE_OBJC_WEAK = YES;
				CLANG_WARN_BLOCK_CAPTURE_AUTORELEASING = YES;
				CLANG_WARN_BOOL_CONVERSION = YES;
				CLANG_WARN_COMMA = YES;
				CLANG_WARN_CONSTANT_CONVERSION = YES;
				CLANG_WARN_DEPRECATED_OBJC_IMPLEMENTATIONS = YES;
				CLANG_WARN_DIRECT_OBJC_ISA_USAGE = YES_ERROR;
				CLANG_WARN_DOCUMENTATION_COMMENTS = YES;
				CLANG_WARN_EMPTY_BODY = YES;
				CLANG_WARN_ENUM_CONVERSION = YES;
				CLANG_WARN_INFINITE_RECURSION = YES;
				CLANG_WARN_INT_CONVERSION = YES;
				CLANG_WARN_NON_LITERAL_NULL_CONVERSION = YES;
				CLANG_WARN_OBJC_IMPLICIT_RETAIN_SELF = YES;
				CLANG_WARN_OBJC_LITERAL_CONVERSION = YES;
				CLANG_WARN_OBJC_ROOT_CLASS = YES_ERROR;
				CLANG_WARN_QUOTED_INCLUDE_IN_FRAMEWORK_HEADER = YES;
				CLANG_WARN_RANGE_LOOP_ANALYSIS = YES;
				CLANG_WARN_STRICT_PROTOTYPES = YES;
				CLANG_WARN_SUSPICIOUS_MOVE = YES;
				CLANG_WARN_UNGUARDED_AVAILABILITY = YES_AGGRESSIVE;
				CLANG_WARN_UNREACHABLE_CODE = YES;
				CLANG_WARN__DUPLICATE_METHOD_MATCH = YES;
				COPY_PHASE_STRIP = NO;
				DEBUG_INFORMATION_FORMAT = "dwarf-with-dsym";
				ENABLE_NS_ASSERTIONS = NO;
				ENABLE_STRICT_OBJC_MSGSEND = YES;
				GCC_C_LANGUAGE_STANDARD = gnu11;
				GCC_NO_COMMON_BLOCKS = YES;
				GCC_WARN_64_TO_32_BIT_CONVERSION = YES;
				GCC_WARN_ABOUT_RETURN_TYPE = YES_ERROR;
				GCC_WARN_UNDECLARED_SELECTOR = YES;
				GCC_WARN_UNINITIALIZED_AUTOS = YES_AGGRESSIVE;
				GCC_WARN_UNUSED_FUNCTION = YES;
				GCC_WARN_UNUSED_VARIABLE = YES;
				IPHONEOS_DEPLOYMENT_TARGET = 16.4;
				MTL_ENABLE_DEBUG_INFO = NO;
				MTL_FAST_MATH = YES;
				SDKROOT = iphoneos;
				SWIFT_COMPILATION_MODE = wholemodule;
				SWIFT_OPTIMIZATION_LEVEL = "-O";
				VALIDATE_PRODUCT = YES;
			};
			name = Release;
		};
		21FE6B6B2A9BC6C3006AF78A /* Debug */ = {
			isa = XCBuildConfiguration;
			buildSettings = {
				ASSETCATALOG_COMPILER_APPICON_NAME = AppIcon;
				ASSETCATALOG_COMPILER_GLOBAL_ACCENT_COLOR_NAME = AccentColor;
				CODE_SIGN_STYLE = Automatic;
				CURRENT_PROJECT_VERSION = 1;
				GENERATE_INFOPLIST_FILE = YES;
				INFOPLIST_FILE = AvitoTestApp/SupportFiles/Info.plist;
				INFOPLIST_KEY_UIApplicationSupportsIndirectInputEvents = YES;
				INFOPLIST_KEY_UILaunchStoryboardName = LaunchScreen;
				INFOPLIST_KEY_UIStatusBarStyle = "";
				INFOPLIST_KEY_UISupportedInterfaceOrientations = UIInterfaceOrientationPortrait;
				INFOPLIST_KEY_UISupportedInterfaceOrientations_iPad = "UIInterfaceOrientationPortrait UIInterfaceOrientationPortraitUpsideDown";
				LD_RUNPATH_SEARCH_PATHS = (
					"$(inherited)",
					"@executable_path/Frameworks",
				);
				MARKETING_VERSION = 1.0;
				PRODUCT_BUNDLE_IDENTIFIER = "Vlad-Boguzh.AvitoTestApp";
				PRODUCT_NAME = "$(TARGET_NAME)";
				SWIFT_EMIT_LOC_STRINGS = YES;
				SWIFT_STRICT_CONCURRENCY = minimal;
				SWIFT_VERSION = 5.0;
				TARGETED_DEVICE_FAMILY = "1,2";
			};
			name = Debug;
		};
		21FE6B6C2A9BC6C3006AF78A /* Release */ = {
			isa = XCBuildConfiguration;
			buildSettings = {
				ASSETCATALOG_COMPILER_APPICON_NAME = AppIcon;
				ASSETCATALOG_COMPILER_GLOBAL_ACCENT_COLOR_NAME = AccentColor;
				CODE_SIGN_STYLE = Automatic;
				CURRENT_PROJECT_VERSION = 1;
				GENERATE_INFOPLIST_FILE = YES;
				INFOPLIST_FILE = AvitoTestApp/SupportFiles/Info.plist;
				INFOPLIST_KEY_UIApplicationSupportsIndirectInputEvents = YES;
				INFOPLIST_KEY_UILaunchStoryboardName = LaunchScreen;
				INFOPLIST_KEY_UIStatusBarStyle = "";
				INFOPLIST_KEY_UISupportedInterfaceOrientations = UIInterfaceOrientationPortrait;
				INFOPLIST_KEY_UISupportedInterfaceOrientations_iPad = "UIInterfaceOrientationPortrait UIInterfaceOrientationPortraitUpsideDown";
				LD_RUNPATH_SEARCH_PATHS = (
					"$(inherited)",
					"@executable_path/Frameworks",
				);
				MARKETING_VERSION = 1.0;
				PRODUCT_BUNDLE_IDENTIFIER = "Vlad-Boguzh.AvitoTestApp";
				PRODUCT_NAME = "$(TARGET_NAME)";
				SWIFT_EMIT_LOC_STRINGS = YES;
				SWIFT_STRICT_CONCURRENCY = minimal;
				SWIFT_VERSION = 5.0;
				TARGETED_DEVICE_FAMILY = "1,2";
			};
			name = Release;
		};
/* End XCBuildConfiguration section */

/* Begin XCConfigurationList section */
		21FE6B512A9BC6C2006AF78A /* Build configuration list for PBXProject "AvitoTestApp" */ = {
			isa = XCConfigurationList;
			buildConfigurations = (
				21FE6B682A9BC6C3006AF78A /* Debug */,
				21FE6B692A9BC6C3006AF78A /* Release */,
			);
			defaultConfigurationIsVisible = 0;
			defaultConfigurationName = Release;
		};
		21FE6B6A2A9BC6C3006AF78A /* Build configuration list for PBXNativeTarget "AvitoTestApp" */ = {
			isa = XCConfigurationList;
			buildConfigurations = (
				21FE6B6B2A9BC6C3006AF78A /* Debug */,
				21FE6B6C2A9BC6C3006AF78A /* Release */,
			);
			defaultConfigurationIsVisible = 0;
			defaultConfigurationName = Release;
		};
/* End XCConfigurationList section */
	};
	rootObject = 21FE6B4E2A9BC6C2006AF78A /* Project object */;
}
